<?xml version="1.0" encoding="UTF-8" standalone="yes" ?>
<CodeBlocks_project_file>
	<FileVersion major="1" minor="6" />
	<Project>
		<Option title="Chip8-Emulator-RicardoLuis0" />
		<Option pch_mode="2" />
		<Option compiler="gcc" />
		<Build>
			<Target title="Debug">
				<Option output="bin/Debug/Chip8Emulator" prefix_auto="1" extension_auto="1" />
				<Option object_output="obj/Debug/" />
				<Option type="1" />
				<Option compiler="gcc" />
				<Compiler>
					<Add option="-g" />
					<Add directory="include" />
				</Compiler>
			</Target>
			<Target title="Release">
				<Option output="bin/Release/Chip8Emulator" prefix_auto="1" extension_auto="1" />
				<Option object_output="obj/Release/" />
				<Option type="1" />
				<Option compiler="gcc" />
				<Compiler>
					<Add option="-O2" />
					<Add directory="include" />
				</Compiler>
				<Linker>
					<Add option="-s" />
				</Linker>
			</Target>
		</Build>
		<Compiler>
			<Add option="-Wall" />
			<Add option="-std=c++14" />
			<Add option="-fexceptions" />
		</Compiler>
		<Linker>
			<Add option="-lmingw32 -lSDL2main -lSDL2" />
		</Linker>
		<Unit filename="include/ArgumentParser.h" />
		<Unit filename="include/Arguments.h" />
		<Unit filename="include/Console.h" />
		<Unit filename="include/Emulator.h" />
		<Unit filename="include/FileLoader.h" />
		<Unit filename="include/Program.h" />
		<Unit filename="include/RawInstruction.h" />
		<Unit filename="src/ArgumentParser.cpp" />
		<Unit filename="src/Arguments.cpp" />
		<Unit filename="src/Console.cpp" />
		<Unit filename="src/Emulator.cpp" />
		<Unit filename="src/FileLoader.cpp" />
		<Unit filename="src/Program.cpp" />
		<Unit filename="src/RawInstruction.cpp" />
		<Unit filename="src/main.cpp" />
		<Extensions>
			<code_completion />
			<envvars />
			<debugger />
			<lib_finder disable_auto="1" />
		</Extensions>
	</Project>
</CodeBlocks_project_file>
