<?xml version="1.0" encoding="UTF-8" standalone="yes" ?>
<CodeBlocks_project_file>
	<FileVersion major="1" minor="6" />
	<Project>
		<Option title="Chip8-Emulator-RicardoLuis0" />
		<Option pch_mode="2" />
		<Option compiler="gcc" />
		<Build>
			<Target title="Debug">
				<Option output="bin/Debug/Chip8Emulator" prefix_auto="1" extension_auto="1" />
				<Option object_output="obj/Debug/" />
				<Option type="1" />
				<Option compiler="gcc" />
				<Option parameters="-debug" />
				<Compiler>
					<Add option="-g" />
					<Add directory="include" />
				</Compiler>
			</Target>
			<Target title="Release">
				<Option output="bin/Release/Chip8Emulator" prefix_auto="1" extension_auto="1" />
				<Option object_output="obj/Release/" />
				<Option type="1" />
				<Option compiler="gcc" />
				<Compiler>
					<Add option="-O2" />
					<Add directory="include" />
				</Compiler>
				<Linker>
					<Add option="-s" />
				</Linker>
			</Target>
		</Build>
		<Compiler>
			<Add option="-Wall" />
			<Add option="-std=c++14" />
			<Add option="-fexceptions" />
		</Compiler>
		<Linker>
			<Add option="-lmingw32 -lSDL2main -lSDL2" />
			<Add option="-lpdcurses" />
		</Linker>
		<Unit filename="include/ArgumentParser.h" />
		<Unit filename="include/Arguments.h" />
		<Unit filename="include/Assembler.h" />
		<Unit filename="include/AssemblerToken.h" />
		<Unit filename="include/AssemblerTokenizer.h" />
		<Unit filename="include/CPU.h" />
		<Unit filename="include/Debugger.h" />
		<Unit filename="include/Disassembler.h" />
		<Unit filename="include/Emulator.h" />
		<Unit filename="include/FileLoader.h" />
		<Unit filename="include/Program.h" />
		<Unit filename="include/QuitException.h" />
		<Unit filename="include/RawInstruction.h" />
		<Unit filename="include/SDLHandler.h" />
		<Unit filename="include/SDLHandlerDebug.h" />
		<Unit filename="include/getHex.h" />
		<Unit filename="include/splitString.h" />
		<Unit filename="src/ArgumentParser.cpp" />
		<Unit filename="src/Arguments.cpp" />
		<Unit filename="src/Assembler/Assembler.cpp" />
		<Unit filename="src/Assembler/AssemblerToken.cpp" />
		<Unit filename="src/Assembler/AssemblerTokenizer.cpp" />
		<Unit filename="src/CPU/CPU.cpp" />
		<Unit filename="src/CPU/decodeInstruction.cpp" />
		<Unit filename="src/CPU/doCycle.cpp" />
		<Unit filename="src/CPU/fonts.cpp" />
		<Unit filename="src/CPU/nextInstruction.cpp" />
		<Unit filename="src/CPU/operations/arithmetic.cpp" />
		<Unit filename="src/CPU/operations/bitwise_operations.cpp" />
		<Unit filename="src/CPU/operations/draw_clear.cpp" />
		<Unit filename="src/CPU/operations/jump_call_return.cpp" />
		<Unit filename="src/CPU/operations/memory.cpp" />
		<Unit filename="src/CPU/operations/misc.cpp" />
		<Unit filename="src/CPU/operations/move.cpp" />
		<Unit filename="src/CPU/operations/read_key.cpp" />
		<Unit filename="src/CPU/operations/skip.cpp" />
		<Unit filename="src/CPU/runInstruction.cpp" />
		<Unit filename="src/Debugger/Debugger.cpp" />
		<Unit filename="src/Debugger/commands/exit.cpp" />
		<Unit filename="src/Debugger/commands/help.cpp" />
		<Unit filename="src/Debugger/runCommand.cpp" />
		<Unit filename="src/Disassembler/Disassembler.cpp" />
		<Unit filename="src/Emulator.cpp" />
		<Unit filename="src/FileLoader.cpp" />
		<Unit filename="src/Program.cpp" />
		<Unit filename="src/QuitException.cpp" />
		<Unit filename="src/RawInstruction.cpp" />
		<Unit filename="src/SDLHandler.cpp" />
		<Unit filename="src/SDLHandlerDebug.cpp" />
		<Unit filename="src/getHex.cpp" />
		<Unit filename="src/main.cpp" />
		<Unit filename="src/splitString.cpp" />
		<Extensions>
			<code_completion />
			<envvars />
			<debugger />
			<lib_finder disable_auto="1" />
		</Extensions>
	</Project>
</CodeBlocks_project_file>
